
Microsoft Visual Studio Solution File, Format Version 12.00
# Visual Studio Version 17
VisualStudioVersion = 17.12.35521.163
MinimumVisualStudioVersion = 10.0.40219.1
Project("{FAE04EC0-301F-11D3-BF4B-00C04F79EFBC}") = "TestAssignmentApi", "TestAssignmentApi\TestAssignmentApi.csproj", "{83BF429B-33BF-40EF-81AD-D3DA5D6ABF22}"
EndProject
Project("{FAE04EC0-301F-11D3-BF4B-00C04F79EFBC}") = "TestAssignmentTests", "TestAssignmentTests\TestAssignmentTests.csproj", "{D33025AA-2E79-4E11-A38D-07F8AAF0FFBF}"
EndProject
Global
	GlobalSection(SolutionConfigurationPlatforms) = preSolution
		Debug|Any CPU = Debug|Any CPU
		Release|Any CPU = Release|Any CPU
	EndGlobalSection
	GlobalSection(ProjectConfigurationPlatforms) = postSolution
		{83BF429B-33BF-40EF-81AD-D3DA5D6ABF22}.Debug|Any CPU.ActiveCfg = Debug|Any CPU
		{83BF429B-33BF-40EF-81AD-D3DA5D6ABF22}.Debug|Any CPU.Build.0 = Debug|Any CPU
		{83BF429B-33BF-40EF-81AD-D3DA5D6ABF22}.Release|Any CPU.ActiveCfg = Release|Any CPU
		{83BF429B-33BF-40EF-81AD-D3DA5D6ABF22}.Release|Any CPU.Build.0 = Release|Any CPU
		{D33025AA-2E79-4E11-A38D-07F8AAF0FFBF}.Debug|Any CPU.ActiveCfg = Debug|Any CPU
		{D33025AA-2E79-4E11-A38D-07F8AAF0FFBF}.Debug|Any CPU.Build.0 = Debug|Any CPU
		{D33025AA-2E79-4E11-A38D-07F8AAF0FFBF}.Release|Any CPU.ActiveCfg = Release|Any CPU
		{D33025AA-2E79-4E11-A38D-07F8AAF0FFBF}.Release|Any CPU.Build.0 = Release|Any CPU
	EndGlobalSection
	GlobalSection(SolutionProperties) = preSolution
		HideSolutionNode = FALSE
	EndGlobalSection
EndGlobal
